
Microsoft Visual Studio Solution File, Format Version 12.00
# Visual Studio Version 17
VisualStudioVersion = 17.7.34031.279
MinimumVisualStudioVersion = 10.0.40219.1
Project("{FAE04EC0-301F-11D3-BF4B-00C04F79EFBC}") = "CAEvent", "CAEvent.csproj", "{C60BEE7F-5ECA-4FC6-9AC3-28DFCD515E1F}"
EndProject
Global
	GlobalSection(SolutionConfigurationPlatforms) = preSolution
		Debug|Any CPU = Debug|Any CPU
		Release|Any CPU = Release|Any CPU
	EndGlobalSection
	GlobalSection(ProjectConfigurationPlatforms) = postSolution
		{C60BEE7F-5ECA-4FC6-9AC3-28DFCD515E1F}.Debug|Any CPU.ActiveCfg = Debug|Any CPU
		{C60BEE7F-5ECA-4FC6-9AC3-28DFCD515E1F}.Debug|Any CPU.Build.0 = Debug|Any CPU
		{C60BEE7F-5ECA-4FC6-9AC3-28DFCD515E1F}.Release|Any CPU.ActiveCfg = Release|Any CPU
		{C60BEE7F-5ECA-4FC6-9AC3-28DFCD515E1F}.Release|Any CPU.Build.0 = Release|Any CPU
	EndGlobalSection
	GlobalSection(SolutionProperties) = preSolution
		HideSolutionNode = FALSE
	EndGlobalSection
	GlobalSection(ExtensibilityGlobals) = postSolution
		SolutionGuid = {542754B9-B12D-4FCF-ADA6-F1B8EA07079F}
	EndGlobalSection
EndGlobal
